version = 1
revision = 3
requires-python = ">=3.14"

[[package]]
name = "click"
version = "8.5.0"
source = { registry = "https://pypi.org/simple" }
sdist = { url = "https://files.pythonhosted.org/packages/c7/0e/7fa0ef50764b67090eca4114772a2abf8b6148198475e54c660b97caeee6/click-8.5.0.tar.gz", hash = "sha256:ba0d2089de75ea0310e2dde03160e6ca10009947fb95a182f9b54021bb272e34", size = 382235, upload-time = "2026-08-26T13:33:14.56Z" }
wheels = [
    { url = "https://files.pythonhosted.org/packages/58/50/6c0d534c5f134586a8e1ba4e330569e32f057e33372ae556463212fb4cd3/click-8.5.0-py3-none-any.whl", hash = "sha256:255bc9599cf7748b4b1a446ccc735421bd08a2ae529a8b88597d3de5664ee360", size = 125251, upload-time = "2026-08-26T13:33:12.928Z" },
]

[[package]]
name = "grimp"
version = "3.17"
source = { registry = "https://pypi.org/simple" }
sdist = { url = "https://files.pythonhosted.org/packages/ad/2e/95736b7c984705ff5ee376f07c6e71bb80fcbb22c8fa3b8c1cfbfa919d5c/grimp-3.17.tar.gz", hash = "sha256:5161e03c6f518fe4da43b06c97ff49a1e224ecb0e4b9fd6ef48235373d1b7b33", size = 832923, upload-time = "2026-09-04T11:28:54.609Z" }
wheels = [
    { url = "https://files.pythonhosted.org/packages/86/1a/1dd0d9d2751e8078547e1cb7131e13d9624a2ea60700d926b3d624c15825/grimp-3.17-cp314-cp314-manylinux_2_17_aarch64.manylinux2014_aarch64.whl", hash = "sha256:baa385915a4c17948bfb25f77509cbbfb33795f321d1c5ca7cc602e34ed58e99", size = 2278433, upload-time = "2026-09-04T11:27:03.075Z" },
    { url = "https://files.pythonhosted.org/packages/58/71/3768fd253e7455a83d668193055691c82d3a4d434047116c572a27d2bd39/grimp-3.17-cp314-cp314-manylinux_2_17_armv7l.manylinux2014_armv7l.whl", hash = "sha256:8322a435b5ee97ff3db823df36cbefea569faec505cc0ca66223c27b4b44cca6", size = 2221152, upload-time = "2026-09-04T11:27:12.642Z" },
    { url = "https://files.pythonhosted.org/packages/b4/4f/907a130e87554d57be14c2a7cedeb818d0ef519064877297d19636735f6b/grimp-3.17-cp314-cp314-manylinux_2_17_i686.manylinux2014_i686.whl", hash = "sha256:cb953c21beb6ac85a59b5b54128be7fdddd89396d34b3c5705cf59829a85b431", size = 2371546, upload-time = "2026-09-04T11:27:41.195Z" },
    { url = "https://files.pythonhosted.org/packages/7e/4f/a3bf534aa7c582a47d8cfefab5fccb50e6f4dcd327ed6a8552d344a04ffe/grimp-3.17-cp314-cp314-manylinux_2_17_ppc64le.manylinux2014_ppc64le.whl", hash = "sha256:c34b904c25359f98e3f20771256d62329ed17f1e26a254a4f5c74bacc1f3bd21", size = 2628467, upload-time = "2026-09-04T11:27:21.818Z" },
    { url = "https://files.pythonhosted.org/packages/32/d3/2b2ab7b3a4e2c17bb1e10ec37e7ee8eecce7f72b1bf6c8019dd439943884/grimp-3.17-cp314-cp314-manylinux_2_17_s390x.manylinux2014_s390x.whl", hash = "sha256:f69ce8be301299f15ca99843e89991c240a231836cf45a11c6bfc54fb9fbeaa9", size = 2347520, upload-time = "2026-09-04T11:27:31.73Z" },
    { url = "https://files.pythonhosted.org/packages/72/da/6bc1f783a739afa51ffa2e235791487b5d09202501b25843ecae9833a3ff/grimp-3.17-cp314-cp314-manylinux_2_17_x86_64.manylinux2014_x86_64.whl", hash = "sha256:566411d1ac97e1f3a3f00a13ae33aebb9abda9787d3d9914f62f73b589d84fe2", size = 2284007, upload-time = "2026-09-04T11:27:53.889Z" },
    { url = "https://files.pythonhosted.org/packages/63/06/a08f1b16aec11f32bbc86f60e24986659ab4cfab79388c8d4b79f6a6723e/grimp-3.17-cp314-cp314-musllinux_1_2_aarch64.whl", hash = "sha256:5f89948029f3c7339a20bab007977194d3dbdddb27edae5c74b948d8f13191c7", size = 2455301, upload-time = "2026-09-04T11:28:21.177Z" },
    { url = "https://files.pythonhosted.org/packages/ff/c1/d55e9686f3797d1a2c6403d2ffec3020c67591c004304a414fe8d7a9755c/grimp-3.17-cp314-cp314-musllinux_1_2_armv7l.whl", hash = "sha256:5a895bc27105ada9b0e76a80bf9cc898409e5cc3689e73e64ca1cbd71dc87dce", size = 2497158, upload-time = "2026-09-04T11:28:30.984Z" },
    { url = "https://files.pythonhosted.org/packages/7f/85/a2d2e70c4f272752c395cc35b3732d82ff92c55e229d7bbd6777fd9868ff/grimp-3.17-cp314-cp314-musllinux_1_2_i686.whl", hash = "sha256:e80b57a7d03f53e96eb0a5b0844340f99f17eede184042fb73e3ef010176ab35", size = 2528862, upload-time = "2026-09-04T11:28:40.251Z" },
    { url = "https://files.pythonhosted.org/packages/cb/03/fc3a58d9b22b011c1c3377c1ecee127a5f642de9b20de32d3ad7213ab71a/grimp-3.17-cp314-cp314-musllinux_1_2_x86_64.whl", hash = "sha256:5c0cac76283679fe9c1fd761e63deb9bbc7ba46b32988113ecef4b13742f31b9", size = 2538240, upload-time = "2026-09-04T11:28:50.248Z" },
    { url = "https://files.pythonhosted.org/packages/58/13/d7666cf03c79c275020bad40ea1df8597af7877083ef5a84b5d8b566029a/grimp-3.17-cp314-cp314-win32.whl", hash = "sha256:c8982f4fa1276e059665947156740a55a4e8e6b5a4d7f40730a7511afb608762", size = 1874930, upload-time = "2026-09-04T11:29:23.152Z" },
    { url = "https://files.pythonhosted.org/packages/59/ce/abb9ccb50972351461065ca72cd0f528837a2f398621147dfaf1013698f0/grimp-3.17-cp314-cp314-win_amd64.whl", hash = "sha256:0b97dc29bdca523932bbbcb425fc3df3547cf970396b293bfa960b910f3932d1", size = 1999405, upload-time = "2026-09-04T11:29:11.832Z" },
    { url = "https://files.pythonhosted.org/packages/9f/1d/93c12ff4ce9ede9f91aa03df66128d223a4c824a13de6ab702c973fcae0d/grimp-3.17-cp314-cp314-win_arm64.whl", hash = "sha256:80b5b25b8d8ed6cc68dc39ae9e4c2fb64acd1a3e66434d9cf4d68c72e46d505d", size = 1923324, upload-time = "2026-09-04T11:29:00.004Z" },
    { url = "https://files.pythonhosted.org/packages/d2/59/f94dd90757a2195415736f0e2be667ac4cd375fe86d875d4298661751fce/grimp-3.17-cp314-cp314t-macosx_10_12_x86_64.whl", hash = "sha256:e15340ee11e34bfaaee496cff53f8287dc9f417a94e5bdf3d6b4204305d004cc", size = 2145199, upload-time = "2026-09-04T11:28:13.287Z" },
    { url = "https://files.pythonhosted.org/packages/ce/83/9d7cb22fc136ad6a61bff3b74cf0b31b13fdf94e224d46ff1edd9b5b8c86/grimp-3.17-cp314-cp314t-macosx_11_0_arm64.whl", hash = "sha256:cbccf2a6cd3f89bfdfd683d9b000bd61f6936e16b6d4d6619da592c54f79f272", size = 2090761, upload-time = "2026-09-04T11:28:05.984Z" },
    { url = "https://files.pythonhosted.org/packages/e2/6b/b70add79e9e315d111bb1643b44e1b9e1ded82888856e1ad68bc484cd635/grimp-3.17-cp314-cp314t-manylinux_2_17_aarch64.manylinux2014_aarch64.whl", hash = "sha256:5332893955688759a9f7868c3c9e56b19bc1694ee251852d3daf54876b35c115", size = 2279005, upload-time = "2026-09-04T11:27:04.543Z" },
    { url = "https://files.pythonhosted.org/packages/d3/4c/f5f001e592f8e8820086604db98373ca129e2831facad81ec0d1820a749f/grimp-3.17-cp314-cp314t-manylinux_2_17_armv7l.manylinux2014_armv7l.whl", hash = "sha256:848a92d8a63a38d79c89ab1e68fb5429d90079f39c07533ffd45ce756e7f210f", size = 2220430, upload-time = "2026-09-04T11:27:13.814Z" },
    { url = "https://files.pythonhosted.org/packages/83/13/cc57724307c22060e193a1dc9bc99fa14d46584c534a3936319ec579c599/grimp-3.17-cp314-cp314t-manylinux_2_17_i686.manylinux2014_i686.whl", hash = "sha256:c89cfe49f822a2cc9c42cc7b0f3975ecb1281970735ea31610bfa06a7e04c460", size = 2370318, upload-time = "2026-09-04T11:27:42.535Z" },
    { url = "https://files.pythonhosted.org/packages/50/1b/05d9964d4b47ffe0ef826bfe04b3f4b713fd623c90e424ff002cb0d8a917/grimp-3.17-cp314-cp314t-manylinux_2_17_ppc64le.manylinux2014_ppc64le.whl", hash = "sha256:541c9a2b7f1ad5d4f5d1597740e51058fba8ca0c1a225d6ccc6d11a8364fa563", size = 2629127, upload-time = "2026-09-04T11:27:23.18Z" },
    { url = "https://files.pythonhosted.org/packages/ce/ea/186a3087623f1556eb8b9d02baa00300003bb84b7b35677e3fcec34691b6/grimp-3.17-cp314-cp314t-manylinux_2_17_s390x.manylinux2014_s390x.whl", hash = "sha256:66b4a13edb3fe63be6f7dbbc2576786f501af9d386a5a1f60b2938f270aef97c", size = 2348453, upload-time = "2026-09-04T11:27:32.964Z" },
    { url = "https://files.pythonhosted.org/packages/e8/6c/a718328adc50529135510b515c5ff1d9f94ab26ab8df9057bb1ef5ab8993/grimp-3.17-cp314-cp314t-manylinux_2_17_x86_64.manylinux2014_x86_64.whl", hash = "sha256:160abad142e168545be8d4cc91b2a95b4565f7571fc56f7fced69ce3589e5111", size = 2287338, upload-time = "2026-09-04T11:27:55.16Z" },
    { url = "https://files.pythonhosted.org/packages/ea/ed/bf67bc6749abee0a1e97f8f14ee2cb19ccc435b306e22bcaac6118d402a4/grimp-3.17-cp314-cp314t-musllinux_1_2_aarch64.whl", hash = "sha256:cd76fb13a534209c1777c807092f51b1570854eb49948d65cd5e1d94d80e981d", size = 2455299, upload-time = "2026-09-04T11:28:22.505Z" },
    { url = "https://files.pythonhosted.org/packages/83/8a/6c954092306e21c93c744432c3d47491c3264d3cc4b465941de5164a1cb3/grimp-3.17-cp314-cp314t-musllinux_1_2_armv7l.whl", hash = "sha256:1688e2dbe382b6644ecc3f55053e319de70034d9dfe0809d21d441a590c320e6", size = 2496813, upload-time = "2026-09-04T11:28:32.303Z" },
    { url = "https://files.pythonhosted.org/packages/ea/a8/cf0aa245ace55dd2f6bdd3bb646ec50c294bdfe623fd51327bd27efaa585/grimp-3.17-cp314-cp314t-musllinux_1_2_i686.whl", hash = "sha256:0433d177f327c31410f21845322282c832d887f1a42cbdfa176133d8422d84b2", size = 2527052, upload-time = "2026-09-04T11:28:41.869Z" },
    { url = "https://files.pythonhosted.org/packages/75/b8/90cd11e346f12fb5269ff050ae825083410d3bdb54d82a3b8e955e4f9d26/grimp-3.17-cp314-cp314t-musllinux_1_2_x86_64.whl", hash = "sha256:790d68157e034e7848257ef46b37550040c9e4692cea17372d3d9f87cef1d84b", size = 2541238, upload-time = "2026-09-04T11:28:51.786Z" },
    { url = "https://files.pythonhosted.org/packages/48/92/10cc37db6149030c8cfc80fa5287f739c1e9620c8a05d1ba8dfdfc0a6c4f/grimp-3.17-cp314-cp314t-win32.whl", hash = "sha256:37e6333ca54d4d80b5c4f2eae324774b223dbdc65994dc9bccda2985a9261dd8", size = 1872673, upload-time = "2026-09-04T11:29:24.514Z" },
    { url = "https://files.pythonhosted.org/packages/ac/cc/b257d8da079a87e65d0f1b0e004fd50f31ba25e7136a3b36f896e0e338f8/grimp-3.17-cp314-cp314t-win_amd64.whl", hash = "sha256:91e4bbbed4d934369b83071380e1ad5f37b7f5c80b80ffa924627db8d66fea11", size = 2000197, upload-time = "2026-09-04T11:29:13.138Z" },
    { url = "https://files.pythonhosted.org/packages/29/d0/feebddf766448932f2f1e40324fe75cf50ce6d3a21bdf87fc0eae263218a/grimp-3.17-cp314-cp314t-win_arm64.whl", hash = "sha256:28ae2ff57a9ef535c2e7054dcb18baf0cdc2dee3982367512bff34eaecb85cf0", size = 1920856, upload-time = "2026-09-04T11:29:01.498Z" },
    { url = "https://files.pythonhosted.org/packages/83/39/bb07084f0b97da66b0aa38077bd656c4f831b4aa3f167b1c060f6a65ea5e/grimp-3.17-cp315-cp315-manylinux_2_17_i686.manylinux2014_i686.whl", hash = "sha256:fe3e2285a2bd4e62ddb8825de37152d2dc842394d419786d3d5a803b07bb84eb", size = 2372594, upload-time = "2026-09-04T11:27:43.884Z" },
    { url = "https://files.pythonhosted.org/packages/e6/a9/905a484659749f40ed797963147202cb74c3b68d8e90a7a600af55de47ee/grimp-3.17-cp315-cp315-manylinux_2_17_x86_64.manylinux2014_x86_64.whl", hash = "sha256:a377d5935ae9a62ccbb59e492e16624cec97cc7244c4a964b0c6f83940440626", size = 2284577, upload-time = "2026-09-04T11:27:56.428Z" },
    { url = "https://files.pythonhosted.org/packages/30/6a/40fb12b111c95b94db4930f35661a629532d9d12fb484db5b5ef1a6c3da3/grimp-3.17-cp315-cp315-win32.whl", hash = "sha256:65a1dc2741bef8a96ff3ff71252db8e99eac2a32e09d5e2b63597474706186ca", size = 1876437, upload-time = "2026-09-04T11:29:25.725Z" },
    { url = "https://files.pythonhosted.org/packages/71/98/79af8d51961611e13b3dabc7a3b356b27aa696e5549bb439f1d6002be31a/grimp-3.17-cp315-cp315-win_amd64.whl", hash = "sha256:d20fbe5aab8b013b351313f8eaa3a46f4ac57677e357cb1c3d1012c606b565b4", size = 1999947, upload-time = "2026-09-04T11:29:14.623Z" },
    { url = "https://files.pythonhosted.org/packages/96/d6/e1922c4c7e001210f98e0cf89bd76fea8564f590be3e9ccfe99435cfcd59/grimp-3.17-cp315-cp315-win_arm64.whl", hash = "sha256:a0288dc0e8947dead5c02a246e16f3f5e5cb486348171bdf1289885a13de36c1", size = 1923774, upload-time = "2026-09-04T11:29:02.897Z" },
    { url = "https://files.pythonhosted.org/packages/85/f6/f4f84e44a9237350c41e7c77343498cb1ad843491c18f29d6811021c617d/grimp-3.17-cp315-cp315t-macosx_10_12_x86_64.whl", hash = "sha256:1bf67cb05a80796be99d1bf87e12d4421de101950c5246a8220b6c839cbf27c2", size = 2145245, upload-time = "2026-09-04T11:28:14.537Z" },
    { url = "https://files.pythonhosted.org/packages/71/98/822287270c41360f66c4b5638e040afc6bbf11e9f04cf5005bbd5f3e4830/grimp-3.17-cp315-cp315t-macosx_11_0_arm64.whl", hash = "sha256:d058fdb980475eb9e0143792d63757ddff86c5776e792866e8208cfe5e8413f9", size = 2090367, upload-time = "2026-09-04T11:28:07.277Z" },
    { url = "https://files.pythonhosted.org/packages/ac/76/32d303603157a0d98cb8bde8757e6ae8fa02d41f1d62cdf843fb2e7fe727/grimp-3.17-cp315-cp315t-manylinux_2_17_i686.manylinux2014_i686.whl", hash = "sha256:92f1989ce9f9ce26b7d45381df164c62aff783add84cd7a4216a6ebba0f9f03a", size = 2371543, upload-time = "2026-09-04T11:27:45.108Z" },
    { url = "https://files.pythonhosted.org/packages/7b/68/4551e23ab9422e2ead806c1fec9f4b3acd21a267e43bfe8e8cd7f4640dce/grimp-3.17-cp315-cp315t-manylinux_2_17_x86_64.manylinux2014_x86_64.whl", hash = "sha256:7e275cee07826cf36db1914427e68afac87588f759e1dec676870234d4a250ae", size = 2288003, upload-time = "2026-09-04T11:27:57.605Z" },
    { url = "https://files.pythonhosted.org/packages/20/64/79161f05c900f7f7f1b0acd22a730b1be9f96680dd44efeef90aa45e6998/grimp-3.17-cp315-cp315t-win32.whl", hash = "sha256:a7235ccffb0350647ae2b01969f552a9859fea7027032f6cfed110801269a439", size = 1873249, upload-time = "2026-09-04T11:29:27.094Z" },
    { url = "https://files.pythonhosted.org/packages/94/b7/6f9cdeba2c1263fb91b791ddd5e924d6c91c2485f4f16b56698802fdd540/grimp-3.17-cp315-cp315t-win_amd64.whl", hash = "sha256:473d0e0c016ca429b9ec17f34d276db454ba4d467e3c915a46279d86ab004716", size = 2000579, upload-time = "2026-09-04T11:29:15.961Z" },
    { url = "https://files.pythonhosted.org/packages/ac/16/8ae9028f046bf8f48cc13f6de2de40adbcbf38fa79a3a5f265753b248da0/grimp-3.17-cp315-cp315t-win_arm64.whl", hash = "sha256:478aa0b696e5dd79373943e75b998fbb4ef3d146f24fe3569fa9d106ce84991b", size = 1921829, upload-time = "2026-09-04T11:29:04.403Z" },
]

[[package]]
name = "import-linter"
version = "2.15"
source = { registry = "https://pypi.org/simple" }
dependencies = [
    { name = "click" },
    { name = "grimp" },
    { name = "rich" },
    { name = "typing-extensions" },
]
sdist = { url = "https://files.pythonhosted.org/packages/3c/81/1bb414f8c8bcd024499e91f112d317c36a86bc264da1fd43f9797fc2b7b0/import_linter-2.15.tar.gz", hash = "sha256:1da912bea5e172a82a3ce617b5543f75cf64dc0d8f4d9b46c5578b68ccb81590", size = 1405973, upload-time = "2026-09-04T14:47:56.097Z" }
wheels = [
    { url = "https://files.pythonhosted.org/packages/08/31/4571c20652a4002ed9e500046386f3731a77e23d95a608ae8a87f1fbb2da/import_linter-2.15-py3-none-any.whl", hash = "sha256:9aaf16a88ac1e99d5a464cd7f66b6a05f7060bfa761162e0ed441773a267ed3b", size = 640512, upload-time = "2026-09-04T14:47:54.878Z" },
]

[[package]]
name = "markdown-it-py"
version = "4.2.0"
source = { registry = "https://pypi.org/simple" }
dependencies = [
    { name = "mdurl" },
]
sdist = { url = "https://files.pythonhosted.org/packages/06/ff/7841249c247aa650a76b9ee4bbaeae59370dc8bfd2f6c01f3630c35eb134/markdown_it_py-4.2.0.tar.gz", hash = "sha256:04a21681d6fbb623de53f6f364d352309d4094dd4194040a10fd51833e418d49", size = 82454, upload-time = "2026-05-07T12:08:28.36Z" }
wheels = [
    { url = "https://files.pythonhosted.org/packages/b3/81/4da04ced5a082363ecfa159c010d200ecbd959ae410c10c0264a38cac0f5/markdown_it_py-4.2.0-py3-none-any.whl", hash = "sha256:9f7ebbcd14fe59494226453aed97c1070d83f8d24b6fc3a3bcf9a38092641c4a", size = 91687, upload-time = "2026-05-07T12:08:27.182Z" },
]

[[package]]
name = "mdurl"
version = "0.1.2"
source = { registry = "https://pypi.org/simple" }
sdist = { url = "https://files.pythonhosted.org/packages/d6/54/cfe61301667036ec958cb99bd3efefba235e65cdeb9c84d24a8293ba1d90/mdurl-0.1.2.tar.gz", hash = "sha256:bb413d29f5eea38f31dd4754dd7377d4465116fb207585f97bf925588687c1ba", size = 8729, upload-time = "2022-08-14T12:40:10.846Z" }
wheels = [
    { url = "https://files.pythonhosted.org/packages/b3/38/89ba8ad64ae25be8de66a6d463314cf1eb366222074cfda9ee839c56a4b4/mdurl-0.1.2-py3-none-any.whl", hash = "sha256:84008a41e51615a49fc9966191ff91509e3c40b939176e643fd50a5c2196b8f8", size = 9979, upload-time = "2022-08-14T12:40:09.779Z" },
]

[[package]]
name = "pygments"
version = "2.21.0"
source = { registry = "https://pypi.org/simple" }
sdist = { url = "https://files.pythonhosted.org/packages/49/2e/ced460408999b33da6b31b0021b0f37d329e202d4169aeb164493778f25b/pygments-2.21.0.tar.gz", hash = "sha256:610ca751c9bc2492b38eb9a38a7fbc93edbbb2d7182edaf34e66ae493dee5c8c", size = 5005329, upload-time = "2026-08-17T08:02:48.824Z" }
wheels = [
    { url = "https://files.pythonhosted.org/packages/71/46/17f022dd3e953bf20a04a028a21ec746d942f8d2af30fa0f124fa0e6a684/pygments-2.21.0-py3-none-any.whl", hash = "sha256:2363c69b61c4a97c838da3b130dcd6468f4848992b21a82f2a63ec34377137d9", size = 1250147, upload-time = "2026-08-17T08:02:44.912Z" },
]

[[package]]
name = "rich"
version = "15.0.0"
source = { registry = "https://pypi.org/simple" }
dependencies = [
    { name = "markdown-it-py" },
    { name = "pygments" },
]
sdist = { url = "https://files.pythonhosted.org/packages/c0/8f/0722ca900cc807c13a6a0c696dacf35430f72e0ec571c4275d2371fca3e9/rich-15.0.0.tar.gz", hash = "sha256:edd07a4824c6b40189fb7ac9bc4c52536e9780fbbfbddf6f1e2502c31b068c36", size = 230680, upload-time = "2026-04-12T08:24:00.75Z" }
wheels = [
    { url = "https://files.pythonhosted.org/packages/82/3b/64d4899d73f91ba49a8c18a8ff3f0ea8f1c1d75481760df8c68ef5235bf5/rich-15.0.0-py3-none-any.whl", hash = "sha256:33bd4ef74232fb73fe9279a257718407f169c09b78a87ad3d296f548e27de0bb", size = 310654, upload-time = "2026-04-12T08:24:02.83Z" },
]

[[package]]
name = "typing-extensions"
version = "4.16.0"
source = { registry = "https://pypi.org/simple" }
sdist = { url = "https://files.pythonhosted.org/packages/f6/cc/6253133b5bb138fc3306cebfbda2c520f545d36b5be2c7255cc528bb45d6/typing_extensions-4.16.0.tar.gz", hash = "sha256:dc983d19a509c94dba722ee6abd33940f7c05a89e243c47e907eb4db6f1a43e5", size = 113555, upload-time = "2026-07-02T08:40:05.92Z" }
wheels = [
    { url = "https://files.pythonhosted.org/packages/49/d3/b8441a820a491ddfc024b0b0cf0393375b75ea13866d9c66727e54c2fc80/typing_extensions-4.16.0-py3-none-any.whl", hash = "sha256:481caa481374e813c1b176ada14e97f1f67a4539ce9cfeb3f350d78d6370c2e8", size = 45571, upload-time = "2026-07-02T08:40:04.659Z" },
]

[[package]]
name = "valkyrja-starter-app-python-ci-importlinter"
version = "0.0.0"
source = { virtual = "." }
dependencies = [
    { name = "import-linter" },
]

[package.metadata]
requires-dist = [{ name = "import-linter", specifier = ">=2.15,<3" }]
